
Microsoft Visual Studio Solution File, Format Version 12.00
# Visual Studio Version 17
VisualStudioVersion = 17.0.31903.59
MinimumVisualStudioVersion = 10.0.40219.1
Project("{2150E333-8FDC-42A3-9474-1A3956D46DE8}") = "src", "src", "{7E0682BD-DD24-49DB-873C-E0F7DB0BDF07}"
EndProject
Project("{FAE04EC0-301F-11D3-BF4B-00C04F79EFBC}") = "AISO.Api", "src\AISO.Api\AISO.Api.csproj", "{97A10D5C-4C21-4FB0-9C57-8155C9C49D64}"
EndProject
Project("{FAE04EC0-301F-11D3-BF4B-00C04F79EFBC}") = "AISO.Bot", "src\AISO.Bot\AISO.Bot.csproj", "{8480C659-A79B-46FA-A6CF-2A8D8054B6CD}"
EndProject
Project("{FAE04EC0-301F-11D3-BF4B-00C04F79EFBC}") = "AISO.AiOrchestration", "src\AISO.AiOrchestration\AISO.AiOrchestration.csproj", "{BEE455E9-7A91-4F61-A630-4A2577262C2E}"
EndProject
Project("{FAE04EC0-301F-11D3-BF4B-00C04F79EFBC}") = "AISO.SapIntegration", "src\AISO.SapIntegration\AISO.SapIntegration.csproj", "{09D01A59-3763-4B5C-9B8C-AF1E63C4750D}"
EndProject
Project("{FAE04EC0-301F-11D3-BF4B-00C04F79EFBC}") = "AISO.Scheduling", "src\AISO.Scheduling\AISO.Scheduling.csproj", "{B5555EF2-7003-4CEB-9EA7-14ECC1B48DAE}"
EndProject
Project("{FAE04EC0-301F-11D3-BF4B-00C04F79EFBC}") = "AISO.Reporting", "src\AISO.Reporting\AISO.Reporting.csproj", "{9E49DF8D-09F5-497C-8F6C-266CDD6C4BFA}"
EndProject
Project("{FAE04EC0-301F-11D3-BF4B-00C04F79EFBC}") = "AISO.Persistence", "src\AISO.Persistence\AISO.Persistence.csproj", "{FD504A3C-E650-4466-940B-F30E37300765}"
EndProject
Project("{FAE04EC0-301F-11D3-BF4B-00C04F79EFBC}") = "AISO.Domain", "src\AISO.Domain\AISO.Domain.csproj", "{676E5496-A20D-444E-962D-045F4C1C3AC8}"
EndProject
Project("{2150E333-8FDC-42A3-9474-1A3956D46DE8}") = "tests", "tests", "{0AB3BF05-4346-4AA6-1389-037BE0695223}"
EndProject
Project("{FAE04EC0-301F-11D3-BF4B-00C04F79EFBC}") = "AISO.SapIntegration.Tests", "tests\AISO.SapIntegration.Tests\AISO.SapIntegration.Tests.csproj", "{071BC2D7-FBDE-4E6D-BB29-9632DC8C55E9}"
EndProject
Global
	GlobalSection(SolutionConfigurationPlatforms) = preSolution
		Debug|Any CPU = Debug|Any CPU
		Debug|x64 = Debug|x64
		Debug|x86 = Debug|x86
		Release|Any CPU = Release|Any CPU
		Release|x64 = Release|x64
		Release|x86 = Release|x86
	EndGlobalSection
	GlobalSection(ProjectConfigurationPlatforms) = postSolution
		{97A10D5C-4C21-4FB0-9C57-8155C9C49D64}.Debug|Any CPU.ActiveCfg = Debug|Any CPU
		{97A10D5C-4C21-4FB0-9C57-8155C9C49D64}.Debug|Any CPU.Build.0 = Debug|Any CPU
		{97A10D5C-4C21-4FB0-9C57-8155C9C49D64}.Debug|x64.ActiveCfg = Debug|Any CPU
		{97A10D5C-4C21-4FB0-9C57-8155C9C49D64}.Debug|x64.Build.0 = Debug|Any CPU
		{97A10D5C-4C21-4FB0-9C57-8155C9C49D64}.Debug|x86.ActiveCfg = Debug|Any CPU
		{97A10D5C-4C21-4FB0-9C57-8155C9C49D64}.Debug|x86.Build.0 = Debug|Any CPU
		{97A10D5C-4C21-4FB0-9C57-8155C9C49D64}.Release|Any CPU.ActiveCfg = Release|Any CPU
		{97A10D5C-4C21-4FB0-9C57-8155C9C49D64}.Release|Any CPU.Build.0 = Release|Any CPU
		{97A10D5C-4C21-4FB0-9C57-8155C9C49D64}.Release|x64.ActiveCfg = Release|Any CPU
		{97A10D5C-4C21-4FB0-9C57-8155C9C49D64}.Release|x64.Build.0 = Release|Any CPU
		{97A10D5C-4C21-4FB0-9C57-8155C9C49D64}.Release|x86.ActiveCfg = Release|Any CPU
		{97A10D5C-4C21-4FB0-9C57-8155C9C49D64}.Release|x86.Build.0 = Release|Any CPU
		{8480C659-A79B-46FA-A6CF-2A8D8054B6CD}.Debug|Any CPU.ActiveCfg = Debug|Any CPU
		{8480C659-A79B-46FA-A6CF-2A8D8054B6CD}.Debug|Any CPU.Build.0 = Debug|Any CPU
		{8480C659-A79B-46FA-A6CF-2A8D8054B6CD}.Debug|x64.ActiveCfg = Debug|Any CPU
		{8480C659-A79B-46FA-A6CF-2A8D8054B6CD}.Debug|x64.Build.0 = Debug|Any CPU
		{8480C659-A79B-46FA-A6CF-2A8D8054B6CD}.Debug|x86.ActiveCfg = Debug|Any CPU
		{8480C659-A79B-46FA-A6CF-2A8D8054B6CD}.Debug|x86.Build.0 = Debug|Any CPU
		{8480C659-A79B-46FA-A6CF-2A8D8054B6CD}.Release|Any CPU.ActiveCfg = Release|Any CPU
		{8480C659-A79B-46FA-A6CF-2A8D8054B6CD}.Release|Any CPU.Build.0 = Release|Any CPU
		{8480C659-A79B-46FA-A6CF-2A8D8054B6CD}.Release|x64.ActiveCfg = Release|Any CPU
		{8480C659-A79B-46FA-A6CF-2A8D8054B6CD}.Release|x64.Build.0 = Release|Any CPU
		{8480C659-A79B-46FA-A6CF-2A8D8054B6CD}.Release|x86.ActiveCfg = Release|Any CPU
		{8480C659-A79B-46FA-A6CF-2A8D8054B6CD}.Release|x86.Build.0 = Release|Any CPU
		{BEE455E9-7A91-4F61-A630-4A2577262C2E}.Debug|Any CPU.ActiveCfg = Debug|Any CPU
		{BEE455E9-7A91-4F61-A630-4A2577262C2E}.Debug|Any CPU.Build.0 = Debug|Any CPU
		{BEE455E9-7A91-4F61-A630-4A2577262C2E}.Debug|x64.ActiveCfg = Debug|Any CPU
		{BEE455E9-7A91-4F61-A630-4A2577262C2E}.Debug|x64.Build.0 = Debug|Any CPU
		{BEE455E9-7A91-4F61-A630-4A2577262C2E}.Debug|x86.ActiveCfg = Debug|Any CPU
		{BEE455E9-7A91-4F61-A630-4A2577262C2E}.Debug|x86.Build.0 = Debug|Any CPU
		{BEE455E9-7A91-4F61-A630-4A2577262C2E}.Release|Any CPU.ActiveCfg = Release|Any CPU
		{BEE455E9-7A91-4F61-A630-4A2577262C2E}.Release|Any CPU.Build.0 = Release|Any CPU
		{BEE455E9-7A91-4F61-A630-4A2577262C2E}.Release|x64.ActiveCfg = Release|Any CPU
		{BEE455E9-7A91-4F61-A630-4A2577262C2E}.Release|x64.Build.0 = Release|Any CPU
		{BEE455E9-7A91-4F61-A630-4A2577262C2E}.Release|x86.ActiveCfg = Release|Any CPU
		{BEE455E9-7A91-4F61-A630-4A2577262C2E}.Release|x86.Build.0 = Release|Any CPU
		{09D01A59-3763-4B5C-9B8C-AF1E63C4750D}.Debug|Any CPU.ActiveCfg = Debug|Any CPU
		{09D01A59-3763-4B5C-9B8C-AF1E63C4750D}.Debug|Any CPU.Build.0 = Debug|Any CPU
		{09D01A59-3763-4B5C-9B8C-AF1E63C4750D}.Debug|x64.ActiveCfg = Debug|Any CPU
		{09D01A59-3763-4B5C-9B8C-AF1E63C4750D}.Debug|x64.Build.0 = Debug|Any CPU
		{09D01A59-3763-4B5C-9B8C-AF1E63C4750D}.Debug|x86.ActiveCfg = Debug|Any CPU
		{09D01A59-3763-4B5C-9B8C-AF1E63C4750D}.Debug|x86.Build.0 = Debug|Any CPU
		{09D01A59-3763-4B5C-9B8C-AF1E63C4750D}.Release|Any CPU.ActiveCfg = Release|Any CPU
		{09D01A59-3763-4B5C-9B8C-AF1E63C4750D}.Release|Any CPU.Build.0 = Release|Any CPU
		{09D01A59-3763-4B5C-9B8C-AF1E63C4750D}.Release|x64.ActiveCfg = Release|Any CPU
		{09D01A59-3763-4B5C-9B8C-AF1E63C4750D}.Release|x64.Build.0 = Release|Any CPU
		{09D01A59-3763-4B5C-9B8C-AF1E63C4750D}.Release|x86.ActiveCfg = Release|Any CPU
		{09D01A59-3763-4B5C-9B8C-AF1E63C4750D}.Release|x86.Build.0 = Release|Any CPU
		{B5555EF2-7003-4CEB-9EA7-14ECC1B48DAE}.Debug|Any CPU.ActiveCfg = Debug|Any CPU
		{B5555EF2-7003-4CEB-9EA7-14ECC1B48DAE}.Debug|Any CPU.Build.0 = Debug|Any CPU
		{B5555EF2-7003-4CEB-9EA7-14ECC1B48DAE}.Debug|x64.ActiveCfg = Debug|Any CPU
		{B5555EF2-7003-4CEB-9EA7-14ECC1B48DAE}.Debug|x64.Build.0 = Debug|Any CPU
		{B5555EF2-7003-4CEB-9EA7-14ECC1B48DAE}.Debug|x86.ActiveCfg = Debug|Any CPU
		{B5555EF2-7003-4CEB-9EA7-14ECC1B48DAE}.Debug|x86.Build.0 = Debug|Any CPU
		{B5555EF2-7003-4CEB-9EA7-14ECC1B48DAE}.Release|Any CPU.ActiveCfg = Release|Any CPU
		{B5555EF2-7003-4CEB-9EA7-14ECC1B48DAE}.Release|Any CPU.Build.0 = Release|Any CPU
		{B5555EF2-7003-4CEB-9EA7-14ECC1B48DAE}.Release|x64.ActiveCfg = Release|Any CPU
		{B5555EF2-7003-4CEB-9EA7-14ECC1B48DAE}.Release|x64.Build.0 = Release|Any CPU
		{B5555EF2-7003-4CEB-9EA7-14ECC1B48DAE}.Release|x86.ActiveCfg = Release|Any CPU
		{B5555EF2-7003-4CEB-9EA7-14ECC1B48DAE}.Release|x86.Build.0 = Release|Any CPU
		{9E49DF8D-09F5-497C-8F6C-266CDD6C4BFA}.Debug|Any CPU.ActiveCfg = Debug|Any CPU
		{9E49DF8D-09F5-497C-8F6C-266CDD6C4BFA}.Debug|Any CPU.Build.0 = Debug|Any CPU
		{9E49DF8D-09F5-497C-8F6C-266CDD6C4BFA}.Debug|x64.ActiveCfg = Debug|Any CPU
		{9E49DF8D-09F5-497C-8F6C-266CDD6C4BFA}.Debug|x64.Build.0 = Debug|Any CPU
		{9E49DF8D-09F5-497C-8F6C-266CDD6C4BFA}.Debug|x86.ActiveCfg = Debug|Any CPU
		{9E49DF8D-09F5-497C-8F6C-266CDD6C4BFA}.Debug|x86.Build.0 = Debug|Any CPU
		{9E49DF8D-09F5-497C-8F6C-266CDD6C4BFA}.Release|Any CPU.ActiveCfg = Release|Any CPU
		{9E49DF8D-09F5-497C-8F6C-266CDD6C4BFA}.Release|Any CPU.Build.0 = Release|Any CPU
		{9E49DF8D-09F5-497C-8F6C-266CDD6C4BFA}.Release|x64.ActiveCfg = Release|Any CPU
		{9E49DF8D-09F5-497C-8F6C-266CDD6C4BFA}.Release|x64.Build.0 = Release|Any CPU
		{9E49DF8D-09F5-497C-8F6C-266CDD6C4BFA}.Release|x86.ActiveCfg = Release|Any CPU
		{9E49DF8D-09F5-497C-8F6C-266CDD6C4BFA}.Release|x86.Build.0 = Release|Any CPU
		{FD504A3C-E650-4466-940B-F30E37300765}.Debug|Any CPU.ActiveCfg = Debug|Any CPU
		{FD504A3C-E650-4466-940B-F30E37300765}.Debug|Any CPU.Build.0 = Debug|Any CPU
		{FD504A3C-E650-4466-940B-F30E37300765}.Debug|x64.ActiveCfg = Debug|Any CPU
		{FD504A3C-E650-4466-940B-F30E37300765}.Debug|x64.Build.0 = Debug|Any CPU
		{FD504A3C-E650-4466-940B-F30E37300765}.Debug|x86.ActiveCfg = Debug|Any CPU
		{FD504A3C-E650-4466-940B-F30E37300765}.Debug|x86.Build.0 = Debug|Any CPU
		{FD504A3C-E650-4466-940B-F30E37300765}.Release|Any CPU.ActiveCfg = Release|Any CPU
		{FD504A3C-E650-4466-940B-F30E37300765}.Release|Any CPU.Build.0 = Release|Any CPU
		{FD504A3C-E650-4466-940B-F30E37300765}.Release|x64.ActiveCfg = Release|Any CPU
		{FD504A3C-E650-4466-940B-F30E37300765}.Release|x64.Build.0 = Release|Any CPU
		{FD504A3C-E650-4466-940B-F30E37300765}.Release|x86.ActiveCfg = Release|Any CPU
		{FD504A3C-E650-4466-940B-F30E37300765}.Release|x86.Build.0 = Release|Any CPU
		{676E5496-A20D-444E-962D-045F4C1C3AC8}.Debug|Any CPU.ActiveCfg = Debug|Any CPU
		{676E5496-A20D-444E-962D-045F4C1C3AC8}.Debug|Any CPU.Build.0 = Debug|Any CPU
		{676E5496-A20D-444E-962D-045F4C1C3AC8}.Debug|x64.ActiveCfg = Debug|Any CPU
		{676E5496-A20D-444E-962D-045F4C1C3AC8}.Debug|x64.Build.0 = Debug|Any CPU
		{676E5496-A20D-444E-962D-045F4C1C3AC8}.Debug|x86.ActiveCfg = Debug|Any CPU
		{676E5496-A20D-444E-962D-045F4C1C3AC8}.Debug|x86.Build.0 = Debug|Any CPU
		{676E5496-A20D-444E-962D-045F4C1C3AC8}.Release|Any CPU.ActiveCfg = Release|Any CPU
		{676E5496-A20D-444E-962D-045F4C1C3AC8}.Release|Any CPU.Build.0 = Release|Any CPU
		{676E5496-A20D-444E-962D-045F4C1C3AC8}.Release|x64.ActiveCfg = Release|Any CPU
		{676E5496-A20D-444E-962D-045F4C1C3AC8}.Release|x64.Build.0 = Release|Any CPU
		{676E5496-A20D-444E-962D-045F4C1C3AC8}.Release|x86.ActiveCfg = Release|Any CPU
		{676E5496-A20D-444E-962D-045F4C1C3AC8}.Release|x86.Build.0 = Release|Any CPU
		{071BC2D7-FBDE-4E6D-BB29-9632DC8C55E9}.Debug|Any CPU.ActiveCfg = Debug|Any CPU
		{071BC2D7-FBDE-4E6D-BB29-9632DC8C55E9}.Debug|Any CPU.Build.0 = Debug|Any CPU
		{071BC2D7-FBDE-4E6D-BB29-9632DC8C55E9}.Debug|x64.ActiveCfg = Debug|Any CPU
		{071BC2D7-FBDE-4E6D-BB29-9632DC8C55E9}.Debug|x64.Build.0 = Debug|Any CPU
		{071BC2D7-FBDE-4E6D-BB29-9632DC8C55E9}.Debug|x86.ActiveCfg = Debug|Any CPU
		{071BC2D7-FBDE-4E6D-BB29-9632DC8C55E9}.Debug|x86.Build.0 = Debug|Any CPU
		{071BC2D7-FBDE-4E6D-BB29-9632DC8C55E9}.Release|Any CPU.ActiveCfg = Release|Any CPU
		{071BC2D7-FBDE-4E6D-BB29-9632DC8C55E9}.Release|Any CPU.Build.0 = Release|Any CPU
		{071BC2D7-FBDE-4E6D-BB29-9632DC8C55E9}.Release|x64.ActiveCfg = Release|Any CPU
		{071BC2D7-FBDE-4E6D-BB29-9632DC8C55E9}.Release|x64.Build.0 = Release|Any CPU
		{071BC2D7-FBDE-4E6D-BB29-9632DC8C55E9}.Release|x86.ActiveCfg = Release|Any CPU
		{071BC2D7-FBDE-4E6D-BB29-9632DC8C55E9}.Release|x86.Build.0 = Release|Any CPU
	EndGlobalSection
	GlobalSection(SolutionProperties) = preSolution
		HideSolutionNode = FALSE
	EndGlobalSection
	GlobalSection(NestedProjects) = preSolution
		{97A10D5C-4C21-4FB0-9C57-8155C9C49D64} = {7E0682BD-DD24-49DB-873C-E0F7DB0BDF07}
		{8480C659-A79B-46FA-A6CF-2A8D8054B6CD} = {7E0682BD-DD24-49DB-873C-E0F7DB0BDF07}
		{BEE455E9-7A91-4F61-A630-4A2577262C2E} = {7E0682BD-DD24-49DB-873C-E0F7DB0BDF07}
		{09D01A59-3763-4B5C-9B8C-AF1E63C4750D} = {7E0682BD-DD24-49DB-873C-E0F7DB0BDF07}
		{B5555EF2-7003-4CEB-9EA7-14ECC1B48DAE} = {7E0682BD-DD24-49DB-873C-E0F7DB0BDF07}
		{9E49DF8D-09F5-497C-8F6C-266CDD6C4BFA} = {7E0682BD-DD24-49DB-873C-E0F7DB0BDF07}
		{FD504A3C-E650-4466-940B-F30E37300765} = {7E0682BD-DD24-49DB-873C-E0F7DB0BDF07}
		{676E5496-A20D-444E-962D-045F4C1C3AC8} = {7E0682BD-DD24-49DB-873C-E0F7DB0BDF07}
		{071BC2D7-FBDE-4E6D-BB29-9632DC8C55E9} = {0AB3BF05-4346-4AA6-1389-037BE0695223}
	EndGlobalSection
EndGlobal
